# This file is autogenerated, do not edit; changes may be undone by the next 'dep ensure'.


[[projects]]
  branch = "master"
  digest = "1:1120f960f5c334f0f94bad29eefaf73d52d226893369693686148f66c1993f15"
  name = "github.com/gin-contrib/sse"
  packages = ["."]
  pruneopts = ""
  revision = "22d885f9ecc78bf4ee5d72b937e4bbcdc58e8cae"

[[projects]]
  digest = "1:348ceb76f2ac958e541e4ba3190484b68df28c38ac9720ed4ef8d36af69ce52e"
  name = "github.com/gin-gonic/gin"
  packages = [
    ".",
    "binding",
    "render",
  ]
  pruneopts = ""
  revision = "d459835d2b077e44f7c9b453505ee29881d5d12d"
  version = "v1.2"

[[projects]]
  branch = "master"
  digest = "1:3b760d3b93f994df8eb1d9ebfad17d3e9e37edcb7f7efaa15b427c0d7a64f4e4"
  name = "github.com/golang/protobuf"
  packages = ["proto"]
  pruneopts = ""
  revision = "1e59b77b52bf8e4b449a57e6f79f21226d571845"

[[projects]]
  digest = "1:d5c1692d62c22b9ff5248d1c5f3850d06f7bc850f9ae6eec15c6601f774eef4f"
  name = "github.com/jinzhu/gorm"
  packages = [
    ".",
    "dialects/postgres",
  ]
  pruneopts = ""
  revision = "5174cc5c242a728b435ea2be8a2f7f998e15429b"
  version = "v1.0"

[[projects]]
  branch = "master"
  digest = "1:a0c0f06f12f4b83b89eec79114265c54e9e300b8ddda0f0f3fb49a685283fa6c"
  name = "github.com/jinzhu/inflection"
  packages = ["."]
  pruneopts = ""
  revision = "1c35d901db3da928c72a72d8458480cc9ade058f"

[[projects]]
  branch = "master"
  digest = "1:d724d8f68ff551065e0335b21642361e224cee973c242bf70683e487291a613e"
  name = "github.com/lib/pq"
  packages = [
    ".",
    "hstore",
    "oid",
  ]
  pruneopts = ""
  revision = "88edab0803230a3898347e77b474f8c1820a1f20"

[[projects]]
  digest = "1:78229b46ddb7434f881390029bd1af7661294af31f6802e0e1bedaad4ab0af3c"
  name = "github.com/mattn/go-isatty"
  packages = ["."]
  pruneopts = ""
  revision = "0360b2af4f38e8d38c7fce2a9f4e702702d73a39"
  version = "v0.0.3"

[[projects]]
  branch = "master"
  digest = "1:1ed307c39ae567933b58d6ded93fde701f03651853e320f50de8a79e47fd146b"
  name = "github.com/morrah77/game_tournament_api"
  packages = [
    "src/tournaments/api",
    "src/tournaments/api/types",
    "src/tournaments/storage",
  ]
  pruneopts = ""
  revision = "18bed0c10aacdc95e1c80021d497a51c91ebe76d"

[[projects]]
  branch = "master"
  digest = "1:1ed307c39ae567933b58d6ded93fde701f03651853e320f50de8a79e47fd146b"
  name = "github.com/morrah77/go-developer-test-task-2"
  packages = ["src/tournaments/api/types"]
  pruneopts = ""
  revision = "18bed0c10aacdc95e1c80021d497a51c91ebe76d"

[[projects]]
  branch = "master"
  digest = "1:9924ebd2e0ff9b4c92cbb82838d776b5913295bcfeaffd5f3c36e55b845f1d7f"
  name = "github.com/ugorji/go"
  packages = ["codec"]
  pruneopts = ""
  revision = "9831f2c3ac1068a78f50999a30db84270f647af6"

[[projects]]
  branch = "master"
  digest = "1:b22916910a1104a56a5a64a208de1f3f58e69cde1cca3229f8b54f531df1be69"
  name = "golang.org/x/sys"
  packages = ["unix"]
  pruneopts = ""
  revision = "810d7000345868fc619eb81f46307107118f4ae1"

[[projects]]
  digest = "1:dd549e360e5a8f982a28c2bcbe667307ceffe538ed9afc7c965524f1ac285b3f"
  name = "gopkg.in/go-playground/validator.v8"
  packages = ["."]
  pruneopts = ""
  revision = "5f1438d3fca68893a817e4a66806cea46a9e4ebf"
  version = "v8.18.2"

[[projects]]
  branch = "v2"
  digest = "1:4b4e5848dfe7f316f95f754df071bebfb40cf4482da62e17e7e1aebdf11f4918"
  name = "gopkg.in/yaml.v2"
  packages = ["."]
  pruneopts = ""
  revision = "d670f9405373e636a5a2765eea47fac0c9bc91a4"

[solve-meta]
  analyzer-name = "dep"
  analyzer-version = 1
  input-imports = [
    "github.com/gin-gonic/gin",
    "github.com/jinzhu/gorm",
    "github.com/jinzhu/gorm/dialects/postgres",
    "github.com/morrah77/game_tournament_api/src/tournaments/api",
    "github.com/morrah77/game_tournament_api/src/tournaments/api/types",
    "github.com/morrah77/game_tournament_api/src/tournaments/storage",
  ]
  solver-name = "gps-cdcl"
  solver-version = 1
